
Microsoft Visual Studio Solution File, Format Version 12.00
# Visual Studio Version 16
VisualStudioVersion = 16.0.31729.503
MinimumVisualStudioVersion = 10.0.40219.1
Project("{9A19103F-16F7-4668-BE54-9A1E7A4F7556}") = "PersonalTracking", "PersonalTracking\PersonalTracking.csproj", "{B432654B-DD64-4CFD-B418-0FDBC72FB8DD}"
EndProject
Project("{FAE04EC0-301F-11D3-BF4B-00C04F79EFBC}") = "BLL", "BLL\BLL.csproj", "{6BBBDFE5-DB55-4041-8621-3BE112FAC03C}"
EndProject
Project("{FAE04EC0-301F-11D3-BF4B-00C04F79EFBC}") = "DAL", "DAL\DAL.csproj", "{C59AEB6C-6B95-46FD-BCC9-3E8749ED5008}"
EndProject
Project("{FAE04EC0-301F-11D3-BF4B-00C04F79EFBC}") = "BusinessLogicLayer", "BusinessLogicLayer\BusinessLogicLayer.csproj", "{0AFF3B56-DEA7-4F51-AF4B-FAFDEE7B5BAF}"
EndProject
Project("{FAE04EC0-301F-11D3-BF4B-00C04F79EFBC}") = "DataAccessLayer", "DataAccessLayer\DataAccessLayer.csproj", "{A9A9A6EB-3C12-4EA8-9AEF-C671F19DACA8}"
EndProject
Global
	GlobalSection(SolutionConfigurationPlatforms) = preSolution
		Debug|Any CPU = Debug|Any CPU
		Release|Any CPU = Release|Any CPU
	EndGlobalSection
	GlobalSection(ProjectConfigurationPlatforms) = postSolution
		{B432654B-DD64-4CFD-B418-0FDBC72FB8DD}.Debug|Any CPU.ActiveCfg = Debug|Any CPU
		{B432654B-DD64-4CFD-B418-0FDBC72FB8DD}.Debug|Any CPU.Build.0 = Debug|Any CPU
		{B432654B-DD64-4CFD-B418-0FDBC72FB8DD}.Release|Any CPU.ActiveCfg = Release|Any CPU
		{B432654B-DD64-4CFD-B418-0FDBC72FB8DD}.Release|Any CPU.Build.0 = Release|Any CPU
		{6BBBDFE5-DB55-4041-8621-3BE112FAC03C}.Debug|Any CPU.ActiveCfg = Debug|Any CPU
		{6BBBDFE5-DB55-4041-8621-3BE112FAC03C}.Debug|Any CPU.Build.0 = Debug|Any CPU
		{6BBBDFE5-DB55-4041-8621-3BE112FAC03C}.Release|Any CPU.ActiveCfg = Release|Any CPU
		{6BBBDFE5-DB55-4041-8621-3BE112FAC03C}.Release|Any CPU.Build.0 = Release|Any CPU
		{C59AEB6C-6B95-46FD-BCC9-3E8749ED5008}.Debug|Any CPU.ActiveCfg = Debug|Any CPU
		{C59AEB6C-6B95-46FD-BCC9-3E8749ED5008}.Debug|Any CPU.Build.0 = Debug|Any CPU
		{C59AEB6C-6B95-46FD-BCC9-3E8749ED5008}.Release|Any CPU.ActiveCfg = Release|Any CPU
		{C59AEB6C-6B95-46FD-BCC9-3E8749ED5008}.Release|Any CPU.Build.0 = Release|Any CPU
		{0AFF3B56-DEA7-4F51-AF4B-FAFDEE7B5BAF}.Debug|Any CPU.ActiveCfg = Debug|Any CPU
		{0AFF3B56-DEA7-4F51-AF4B-FAFDEE7B5BAF}.Debug|Any CPU.Build.0 = Debug|Any CPU
		{0AFF3B56-DEA7-4F51-AF4B-FAFDEE7B5BAF}.Release|Any CPU.ActiveCfg = Release|Any CPU
		{0AFF3B56-DEA7-4F51-AF4B-FAFDEE7B5BAF}.Release|Any CPU.Build.0 = Release|Any CPU
		{A9A9A6EB-3C12-4EA8-9AEF-C671F19DACA8}.Debug|Any CPU.ActiveCfg = Debug|Any CPU
		{A9A9A6EB-3C12-4EA8-9AEF-C671F19DACA8}.Debug|Any CPU.Build.0 = Debug|Any CPU
		{A9A9A6EB-3C12-4EA8-9AEF-C671F19DACA8}.Release|Any CPU.ActiveCfg = Release|Any CPU
		{A9A9A6EB-3C12-4EA8-9AEF-C671F19DACA8}.Release|Any CPU.Build.0 = Release|Any CPU
	EndGlobalSection
	GlobalSection(SolutionProperties) = preSolution
		HideSolutionNode = FALSE
	EndGlobalSection
	GlobalSection(ExtensibilityGlobals) = postSolution
		SolutionGuid = {894C8CA5-D38C-4649-BD8D-69E4E7E9A5D9}
	EndGlobalSection
EndGlobal
